// !$*UTF8*$!
{
	archiveVersion = 1;
	classes = {
	};
	objectVersion = 56;
	objects = {

/* Begin PBXBuildFile section */
		5160DD9D2C4DAD4B00F40568 /* DrugIcon.swift in Sources */ = {isa = PBXBuildFile; fileRef = 5160DD9C2C4DAD4B00F40568 /* DrugIcon.swift */; };
		5160DD9F2C4DAF4C00F40568 /* ScrollableContentNotAvailableView.swift in Sources */ = {isa = PBXBuildFile; fileRef = 5160DD9E2C4DAF4C00F40568 /* ScrollableContentNotAvailableView.swift */; };
		51701FDE2C440B68009ED8D1 /* OnboardingView.swift in Sources */ = {isa = PBXBuildFile; fileRef = 51701FDD2C440B68009ED8D1 /* OnboardingView.swift */; };
		51701FE02C440B7A009ED8D1 /* RegistrationView.swift in Sources */ = {isa = PBXBuildFile; fileRef = 51701FDF2C440B7A009ED8D1 /* RegistrationView.swift */; };
		51701FE22C440B80009ED8D1 /* LoginView.swift in Sources */ = {isa = PBXBuildFile; fileRef = 51701FE12C440B80009ED8D1 /* LoginView.swift */; };
		51701FE72C444908009ED8D1 /* TextInputField.swift in Sources */ = {isa = PBXBuildFile; fileRef = 51701FE62C444908009ED8D1 /* TextInputField.swift */; };
		51701FEA2C44698B009ED8D1 /* IQKeyboardManagerSwift in Frameworks */ = {isa = PBXBuildFile; productRef = 51701FE92C44698B009ED8D1 /* IQKeyboardManagerSwift */; };
		51701FEC2C446A2C009ED8D1 /* AppDelegate.swift in Sources */ = {isa = PBXBuildFile; fileRef = 51701FEB2C446A2C009ED8D1 /* AppDelegate.swift */; };
		51701FEE2C446C3C009ED8D1 /* Enums.swift in Sources */ = {isa = PBXBuildFile; fileRef = 51701FED2C446C3C009ED8D1 /* Enums.swift */; };
		51701FF02C4482FE009ED8D1 /* LoginObject.swift in Sources */ = {isa = PBXBuildFile; fileRef = 51701FEF2C4482FE009ED8D1 /* LoginObject.swift */; };
		5170922C2C418F4A00C2AFA7 /* HCTHPApp.swift in Sources */ = {isa = PBXBuildFile; fileRef = 5170922B2C418F4A00C2AFA7 /* HCTHPApp.swift */; };
		517092302C418F4C00C2AFA7 /* Assets.xcassets in Resources */ = {isa = PBXBuildFile; fileRef = 5170922F2C418F4C00C2AFA7 /* Assets.xcassets */; };
		517092332C418F4C00C2AFA7 /* Preview Assets.xcassets in Resources */ = {isa = PBXBuildFile; fileRef = 517092322C418F4C00C2AFA7 /* Preview Assets.xcassets */; };
		51C66A772C43071200FF3DC6 /* Drug.swift in Sources */ = {isa = PBXBuildFile; fileRef = 51C66A762C43071200FF3DC6 /* Drug.swift */; };
		51C66A792C43082F00FF3DC6 /* AuthVM.swift in Sources */ = {isa = PBXBuildFile; fileRef = 51C66A782C43082F00FF3DC6 /* AuthVM.swift */; };
		51C66A7B2C43085200FF3DC6 /* DrugVM.swift in Sources */ = {isa = PBXBuildFile; fileRef = 51C66A7A2C43085200FF3DC6 /* DrugVM.swift */; };
		51DC31AF2C48EE49008E205A /* DrugRowItem.swift in Sources */ = {isa = PBXBuildFile; fileRef = 51DC31AE2C48EE49008E205A /* DrugRowItem.swift */; };
		51DC31B12C48F292008E205A /* SearchMedication.swift in Sources */ = {isa = PBXBuildFile; fileRef = 51DC31B02C48F292008E205A /* SearchMedication.swift */; };
		51DC31B32C497E88008E205A /* DrugSavedItem.swift in Sources */ = {isa = PBXBuildFile; fileRef = 51DC31B22C497E88008E205A /* DrugSavedItem.swift */; };
		51DC31B72C49ACB3008E205A /* SearchMedicationButton.swift in Sources */ = {isa = PBXBuildFile; fileRef = 51DC31B62C49ACB3008E205A /* SearchMedicationButton.swift */; };
		51DC31B92C4AA675008E205A /* MedicationDetail.swift in Sources */ = {isa = PBXBuildFile; fileRef = 51DC31B82C4AA675008E205A /* MedicationDetail.swift */; };
		51DC31BB2C4AAB85008E205A /* DrugDetail.swift in Sources */ = {isa = PBXBuildFile; fileRef = 51DC31BA2C4AAB84008E205A /* DrugDetail.swift */; };
		51DC31BE2C4AC6F5008E205A /* ReminderView.swift in Sources */ = {isa = PBXBuildFile; fileRef = 51DC31BD2C4AC6F5008E205A /* ReminderView.swift */; };
		51DC31C02C4ADC78008E205A /* MedicationDetailInfoCard.swift in Sources */ = {isa = PBXBuildFile; fileRef = 51DC31BF2C4ADC78008E205A /* MedicationDetailInfoCard.swift */; };
		51E83AF42C459A2D0066F4C6 /* ApiConstant.swift in Sources */ = {isa = PBXBuildFile; fileRef = 51E83AF32C459A2D0066F4C6 /* ApiConstant.swift */; };
		51E83AF62C45A2580066F4C6 /* RegistrationObject.swift in Sources */ = {isa = PBXBuildFile; fileRef = 51E83AF52C45A2580066F4C6 /* RegistrationObject.swift */; };
		51E83AF82C46EB770066F4C6 /* UINavigationController+Ext.swift in Sources */ = {isa = PBXBuildFile; fileRef = 51E83AF72C46EB770066F4C6 /* UINavigationController+Ext.swift */; };
		51E83AFB2C47265B0066F4C6 /* NameView.swift in Sources */ = {isa = PBXBuildFile; fileRef = 51E83AFA2C47265B0066F4C6 /* NameView.swift */; };
		51E83AFD2C4741600066F4C6 /* EmailView.swift in Sources */ = {isa = PBXBuildFile; fileRef = 51E83AFC2C4741600066F4C6 /* EmailView.swift */; };
		51E83AFF2C4743F00066F4C6 /* PasswordView.swift in Sources */ = {isa = PBXBuildFile; fileRef = 51E83AFE2C4743F00066F4C6 /* PasswordView.swift */; };
		51E83B012C47451A0066F4C6 /* HCActionButton.swift in Sources */ = {isa = PBXBuildFile; fileRef = 51E83B002C47451A0066F4C6 /* HCActionButton.swift */; };
		51E83B032C476ADB0066F4C6 /* MedicationHome.swift in Sources */ = {isa = PBXBuildFile; fileRef = 51E83B022C476ADB0066F4C6 /* MedicationHome.swift */; };
		51E83B052C476B0C0066F4C6 /* ContentView.swift in Sources */ = {isa = PBXBuildFile; fileRef = 51E83B042C476B0C0066F4C6 /* ContentView.swift */; };
		51E83B092C4792450066F4C6 /* MedicationItem.swift in Sources */ = {isa = PBXBuildFile; fileRef = 51E83B082C4792450066F4C6 /* MedicationItem.swift */; };
/* End PBXBuildFile section */

/* Begin PBXFileReference section */
		5160DD9C2C4DAD4B00F40568 /* DrugIcon.swift */ = {isa = PBXFileReference; lastKnownFileType = sourcecode.swift; path = DrugIcon.swift; sourceTree = "<group>"; };
		5160DD9E2C4DAF4C00F40568 /* ScrollableContentNotAvailableView.swift */ = {isa = PBXFileReference; lastKnownFileType = sourcecode.swift; path = ScrollableContentNotAvailableView.swift; sourceTree = "<group>"; };
		51701FDD2C440B68009ED8D1 /* OnboardingView.swift */ = {isa = PBXFileReference; lastKnownFileType = sourcecode.swift; path = OnboardingView.swift; sourceTree = "<group>"; };
		51701FDF2C440B7A009ED8D1 /* RegistrationView.swift */ = {isa = PBXFileReference; lastKnownFileType = sourcecode.swift; path = RegistrationView.swift; sourceTree = "<group>"; };
		51701FE12C440B80009ED8D1 /* LoginView.swift */ = {isa = PBXFileReference; lastKnownFileType = sourcecode.swift; path = LoginView.swift; sourceTree = "<group>"; };
		51701FE62C444908009ED8D1 /* TextInputField.swift */ = {isa = PBXFileReference; lastKnownFileType = sourcecode.swift; path = TextInputField.swift; sourceTree = "<group>"; };
		51701FEB2C446A2C009ED8D1 /* AppDelegate.swift */ = {isa = PBXFileReference; fileEncoding = 4; lastKnownFileType = sourcecode.swift; path = AppDelegate.swift; sourceTree = "<group>"; };
		51701FED2C446C3C009ED8D1 /* Enums.swift */ = {isa = PBXFileReference; lastKnownFileType = sourcecode.swift; path = Enums.swift; sourceTree = "<group>"; };
		51701FEF2C4482FE009ED8D1 /* LoginObject.swift */ = {isa = PBXFileReference; lastKnownFileType = sourcecode.swift; path = LoginObject.swift; sourceTree = "<group>"; };
		517092282C418F4A00C2AFA7 /* HCTHP.app */ = {isa = PBXFileReference; explicitFileType = wrapper.application; includeInIndex = 0; path = HCTHP.app; sourceTree = BUILT_PRODUCTS_DIR; };
		5170922B2C418F4A00C2AFA7 /* HCTHPApp.swift */ = {isa = PBXFileReference; lastKnownFileType = sourcecode.swift; path = HCTHPApp.swift; sourceTree = "<group>"; };
		5170922F2C418F4C00C2AFA7 /* Assets.xcassets */ = {isa = PBXFileReference; lastKnownFileType = folder.assetcatalog; path = Assets.xcassets; sourceTree = "<group>"; };
		517092322C418F4C00C2AFA7 /* Preview Assets.xcassets */ = {isa = PBXFileReference; lastKnownFileType = folder.assetcatalog; path = "Preview Assets.xcassets"; sourceTree = "<group>"; };
		517092342C418F4C00C2AFA7 /* HCTHP.entitlements */ = {isa = PBXFileReference; lastKnownFileType = text.plist.entitlements; path = HCTHP.entitlements; sourceTree = "<group>"; };
		51C66A762C43071200FF3DC6 /* Drug.swift */ = {isa = PBXFileReference; lastKnownFileType = sourcecode.swift; path = Drug.swift; sourceTree = "<group>"; };
		51C66A782C43082F00FF3DC6 /* AuthVM.swift */ = {isa = PBXFileReference; lastKnownFileType = sourcecode.swift; path = AuthVM.swift; sourceTree = "<group>"; };
		51C66A7A2C43085200FF3DC6 /* DrugVM.swift */ = {isa = PBXFileReference; lastKnownFileType = sourcecode.swift; path = DrugVM.swift; sourceTree = "<group>"; };
		51C66A7C2C431AB800FF3DC6 /* Info.plist */ = {isa = PBXFileReference; lastKnownFileType = text.plist; path = Info.plist; sourceTree = "<group>"; };
		51DC31AE2C48EE49008E205A /* DrugRowItem.swift */ = {isa = PBXFileReference; lastKnownFileType = sourcecode.swift; path = DrugRowItem.swift; sourceTree = "<group>"; };
		51DC31B02C48F292008E205A /* SearchMedication.swift */ = {isa = PBXFileReference; lastKnownFileType = sourcecode.swift; path = SearchMedication.swift; sourceTree = "<group>"; };
		51DC31B22C497E88008E205A /* DrugSavedItem.swift */ = {isa = PBXFileReference; lastKnownFileType = sourcecode.swift; path = DrugSavedItem.swift; sourceTree = "<group>"; };
		51DC31B62C49ACB3008E205A /* SearchMedicationButton.swift */ = {isa = PBXFileReference; fileEncoding = 4; lastKnownFileType = sourcecode.swift; path = SearchMedicationButton.swift; sourceTree = "<group>"; };
		51DC31B82C4AA675008E205A /* MedicationDetail.swift */ = {isa = PBXFileReference; lastKnownFileType = sourcecode.swift; path = MedicationDetail.swift; sourceTree = "<group>"; };
		51DC31BA2C4AAB84008E205A /* DrugDetail.swift */ = {isa = PBXFileReference; lastKnownFileType = sourcecode.swift; path = DrugDetail.swift; sourceTree = "<group>"; };
		51DC31BD2C4AC6F5008E205A /* ReminderView.swift */ = {isa = PBXFileReference; lastKnownFileType = sourcecode.swift; path = ReminderView.swift; sourceTree = "<group>"; };
		51DC31BF2C4ADC78008E205A /* MedicationDetailInfoCard.swift */ = {isa = PBXFileReference; lastKnownFileType = sourcecode.swift; path = MedicationDetailInfoCard.swift; sourceTree = "<group>"; };
		51E83AF32C459A2D0066F4C6 /* ApiConstant.swift */ = {isa = PBXFileReference; lastKnownFileType = sourcecode.swift; path = ApiConstant.swift; sourceTree = "<group>"; };
		51E83AF52C45A2580066F4C6 /* RegistrationObject.swift */ = {isa = PBXFileReference; lastKnownFileType = sourcecode.swift; path = RegistrationObject.swift; sourceTree = "<group>"; };
		51E83AF72C46EB770066F4C6 /* UINavigationController+Ext.swift */ = {isa = PBXFileReference; lastKnownFileType = sourcecode.swift; path = "UINavigationController+Ext.swift"; sourceTree = "<group>"; };
		51E83AFA2C47265B0066F4C6 /* NameView.swift */ = {isa = PBXFileReference; lastKnownFileType = sourcecode.swift; path = NameView.swift; sourceTree = "<group>"; };
		51E83AFC2C4741600066F4C6 /* EmailView.swift */ = {isa = PBXFileReference; lastKnownFileType = sourcecode.swift; path = EmailView.swift; sourceTree = "<group>"; };
		51E83AFE2C4743F00066F4C6 /* PasswordView.swift */ = {isa = PBXFileReference; lastKnownFileType = sourcecode.swift; path = PasswordView.swift; sourceTree = "<group>"; };
		51E83B002C47451A0066F4C6 /* HCActionButton.swift */ = {isa = PBXFileReference; lastKnownFileType = sourcecode.swift; path = HCActionButton.swift; sourceTree = "<group>"; };
		51E83B022C476ADB0066F4C6 /* MedicationHome.swift */ = {isa = PBXFileReference; lastKnownFileType = sourcecode.swift; path = MedicationHome.swift; sourceTree = "<group>"; };
		51E83B042C476B0C0066F4C6 /* ContentView.swift */ = {isa = PBXFileReference; lastKnownFileType = sourcecode.swift; path = ContentView.swift; sourceTree = "<group>"; };
		51E83B082C4792450066F4C6 /* MedicationItem.swift */ = {isa = PBXFileReference; lastKnownFileType = sourcecode.swift; path = MedicationItem.swift; sourceTree = "<group>"; };
/* End PBXFileReference section */

/* Begin PBXFrameworksBuildPhase section */
		517092252C418F4A00C2AFA7 /* Frameworks */ = {
			isa = PBXFrameworksBuildPhase;
			buildActionMask = 2147483647;
			files = (
				51701FEA2C44698B009ED8D1 /* IQKeyboardManagerSwift in Frameworks */,
			);
			runOnlyForDeploymentPostprocessing = 0;
		};
/* End PBXFrameworksBuildPhase section */

/* Begin PBXGroup section */
		5160DD9A2C4DAD3600F40568 /* card */ = {
			isa = PBXGroup;
			children = (
				51E83B082C4792450066F4C6 /* MedicationItem.swift */,
				51DC31BF2C4ADC78008E205A /* MedicationDetailInfoCard.swift */,
			);
			path = card;
			sourceTree = "<group>";
		};
		5160DD9B2C4DAD4000F40568 /* image */ = {
			isa = PBXGroup;
			children = (
				5160DD9C2C4DAD4B00F40568 /* DrugIcon.swift */,
			);
			path = image;
			sourceTree = "<group>";
		};
		51701FE52C4448D2009ED8D1 /* Widget */ = {
			isa = PBXGroup;
			children = (
				51701FE62C444908009ED8D1 /* TextInputField.swift */,
				51E83AF92C4726440066F4C6 /* subview */,
			);
			path = Widget;
			sourceTree = "<group>";
		};
		51701FF12C448315009ED8D1 /* Auth */ = {
			isa = PBXGroup;
			children = (
				51701FEF2C4482FE009ED8D1 /* LoginObject.swift */,
				51E83AF52C45A2580066F4C6 /* RegistrationObject.swift */,
			);
			path = Auth;
			sourceTree = "<group>";
		};
		5170921F2C418F4A00C2AFA7 = {
			isa = PBXGroup;
			children = (
				5170922A2C418F4A00C2AFA7 /* HCTHP */,
				517092292C418F4A00C2AFA7 /* Products */,
			);
			sourceTree = "<group>";
		};
		517092292C418F4A00C2AFA7 /* Products */ = {
			isa = PBXGroup;
			children = (
				517092282C418F4A00C2AFA7 /* HCTHP.app */,
			);
			name = Products;
			sourceTree = "<group>";
		};
		5170922A2C418F4A00C2AFA7 /* HCTHP */ = {
			isa = PBXGroup;
			children = (
				51701FE52C4448D2009ED8D1 /* Widget */,
				51C66A7C2C431AB800FF3DC6 /* Info.plist */,
				51C66A6F2C43061500FF3DC6 /* Utilities */,
				51C66A6D2C4305FD00FF3DC6 /* Views */,
				51C66A6C2C4305EB00FF3DC6 /* ViewModels */,
				51C66A6B2C4305DA00FF3DC6 /* Models */,
				5170922B2C418F4A00C2AFA7 /* HCTHPApp.swift */,
				5170922F2C418F4C00C2AFA7 /* Assets.xcassets */,
				517092342C418F4C00C2AFA7 /* HCTHP.entitlements */,
				517092312C418F4C00C2AFA7 /* Preview Content */,
				51E83B042C476B0C0066F4C6 /* ContentView.swift */,
			);
			path = HCTHP;
			sourceTree = "<group>";
		};
		517092312C418F4C00C2AFA7 /* Preview Content */ = {
			isa = PBXGroup;
			children = (
				517092322C418F4C00C2AFA7 /* Preview Assets.xcassets */,
			);
			path = "Preview Content";
			sourceTree = "<group>";
		};
		51C66A6B2C4305DA00FF3DC6 /* Models */ = {
			isa = PBXGroup;
			children = (
				51701FF12C448315009ED8D1 /* Auth */,
				51C66A762C43071200FF3DC6 /* Drug.swift */,
				51DC31AE2C48EE49008E205A /* DrugRowItem.swift */,
				51DC31B22C497E88008E205A /* DrugSavedItem.swift */,
				51DC31BA2C4AAB84008E205A /* DrugDetail.swift */,
			);
			path = Models;
			sourceTree = "<group>";
		};
		51C66A6C2C4305EB00FF3DC6 /* ViewModels */ = {
			isa = PBXGroup;
			children = (
				51C66A782C43082F00FF3DC6 /* AuthVM.swift */,
				51C66A7A2C43085200FF3DC6 /* DrugVM.swift */,
			);
			path = ViewModels;
			sourceTree = "<group>";
		};
		51C66A6D2C4305FD00FF3DC6 /* Views */ = {
			isa = PBXGroup;
			children = (
				51DC31BC2C4AC6AE008E205A /* reminder */,
				51C66A712C43062B00FF3DC6 /* Medication */,
				51C66A702C43062600FF3DC6 /* Auth */,
			);
			path = Views;
			sourceTree = "<group>";
		};
		51C66A6F2C43061500FF3DC6 /* Utilities */ = {
			isa = PBXGroup;
			children = (
				51701FEB2C446A2C009ED8D1 /* AppDelegate.swift */,
				51701FED2C446C3C009ED8D1 /* Enums.swift */,
				51E83AF32C459A2D0066F4C6 /* ApiConstant.swift */,
				51E83AF72C46EB770066F4C6 /* UINavigationController+Ext.swift */,
			);
			path = Utilities;
			sourceTree = "<group>";
		};
		51C66A702C43062600FF3DC6 /* Auth */ = {
			isa = PBXGroup;
			children = (
				51701FDD2C440B68009ED8D1 /* OnboardingView.swift */,
				51701FDF2C440B7A009ED8D1 /* RegistrationView.swift */,
				51701FE12C440B80009ED8D1 /* LoginView.swift */,
			);
			path = Auth;
			sourceTree = "<group>";
		};
		51C66A712C43062B00FF3DC6 /* Medication */ = {
			isa = PBXGroup;
			children = (
				51E83B022C476ADB0066F4C6 /* MedicationHome.swift */,
				51DC31B02C48F292008E205A /* SearchMedication.swift */,
				51DC31B82C4AA675008E205A /* MedicationDetail.swift */,
			);
			path = Medication;
			sourceTree = "<group>";
		};
		51DC31BC2C4AC6AE008E205A /* reminder */ = {
			isa = PBXGroup;
			children = (
				51DC31BD2C4AC6F5008E205A /* ReminderView.swift */,
			);
			path = reminder;
			sourceTree = "<group>";
		};
		51E83AF92C4726440066F4C6 /* subview */ = {
			isa = PBXGroup;
			children = (
				5160DD9B2C4DAD4000F40568 /* image */,
				5160DD9A2C4DAD3600F40568 /* card */,
				51E83B0B2C47939B0066F4C6 /* button */,
				51E83B0A2C4793700066F4C6 /* textfield */,
				5160DD9E2C4DAF4C00F40568 /* ScrollableContentNotAvailableView.swift */,
			);
			path = subview;
			sourceTree = "<group>";
		};
		51E83B0A2C4793700066F4C6 /* textfield */ = {
			isa = PBXGroup;
			children = (
				51E83AFA2C47265B0066F4C6 /* NameView.swift */,
				51E83AFC2C4741600066F4C6 /* EmailView.swift */,
				51E83AFE2C4743F00066F4C6 /* PasswordView.swift */,
			);
			path = textfield;
			sourceTree = "<group>";
		};
		51E83B0B2C47939B0066F4C6 /* button */ = {
			isa = PBXGroup;
			children = (
				51DC31B62C49ACB3008E205A /* SearchMedicationButton.swift */,
				51E83B002C47451A0066F4C6 /* HCActionButton.swift */,
			);
			path = button;
			sourceTree = "<group>";
		};
/* End PBXGroup section */

/* Begin PBXNativeTarget section */
		517092272C418F4A00C2AFA7 /* HCTHP */ = {
			isa = PBXNativeTarget;
			buildConfigurationList = 517092372C418F4C00C2AFA7 /* Build configuration list for PBXNativeTarget "HCTHP" */;
			buildPhases = (
				517092242C418F4A00C2AFA7 /* Sources */,
				517092252C418F4A00C2AFA7 /* Frameworks */,
				517092262C418F4A00C2AFA7 /* Resources */,
			);
			buildRules = (
			);
			dependencies = (
			);
			name = HCTHP;
			packageProductDependencies = (
				51701FE92C44698B009ED8D1 /* IQKeyboardManagerSwift */,
			);
			productName = HCTHP;
			productReference = 517092282C418F4A00C2AFA7 /* HCTHP.app */;
			productType = "com.apple.product-type.application";
		};
/* End PBXNativeTarget section */

/* Begin PBXProject section */
		517092202C418F4A00C2AFA7 /* Project object */ = {
			isa = PBXProject;
			attributes = {
				BuildIndependentTargetsInParallel = 1;
				LastSwiftUpdateCheck = 1530;
				LastUpgradeCheck = 1530;
				TargetAttributes = {
					517092272C418F4A00C2AFA7 = {
						CreatedOnToolsVersion = 15.3;
					};
				};
			};
			buildConfigurationList = 517092232C418F4A00C2AFA7 /* Build configuration list for PBXProject "HCTHP" */;
			compatibilityVersion = "Xcode 14.0";
			developmentRegion = en;
			hasScannedForEncodings = 0;
			knownRegions = (
				en,
				Base,
			);
			mainGroup = 5170921F2C418F4A00C2AFA7;
			packageReferences = (
				51701FE82C44698B009ED8D1 /* XCRemoteSwiftPackageReference "IQKeyboardManager" */,
			);
			productRefGroup = 517092292C418F4A00C2AFA7 /* Products */;
			projectDirPath = "";
			projectRoot = "";
			targets = (
				517092272C418F4A00C2AFA7 /* HCTHP */,
			);
		};
/* End PBXProject section */

/* Begin PBXResourcesBuildPhase section */
		517092262C418F4A00C2AFA7 /* Resources */ = {
			isa = PBXResourcesBuildPhase;
			buildActionMask = 2147483647;
			files = (
				517092332C418F4C00C2AFA7 /* Preview Assets.xcassets in Resources */,
				517092302C418F4C00C2AFA7 /* Assets.xcassets in Resources */,
			);
			runOnlyForDeploymentPostprocessing = 0;
		};
/* End PBXResourcesBuildPhase section */

/* Begin PBXSourcesBuildPhase section */
		517092242C418F4A00C2AFA7 /* Sources */ = {
			isa = PBXSourcesBuildPhase;
			buildActionMask = 2147483647;
			files = (
				51DC31AF2C48EE49008E205A /* DrugRowItem.swift in Sources */,
				51701FEC2C446A2C009ED8D1 /* AppDelegate.swift in Sources */,
				51DC31B12C48F292008E205A /* SearchMedication.swift in Sources */,
				51E83B092C4792450066F4C6 /* MedicationItem.swift in Sources */,
				51C66A792C43082F00FF3DC6 /* AuthVM.swift in Sources */,
				51DC31B72C49ACB3008E205A /* SearchMedicationButton.swift in Sources */,
				51E83AF82C46EB770066F4C6 /* UINavigationController+Ext.swift in Sources */,
				51C66A7B2C43085200FF3DC6 /* DrugVM.swift in Sources */,
				51701FE02C440B7A009ED8D1 /* RegistrationView.swift in Sources */,
				51C66A772C43071200FF3DC6 /* Drug.swift in Sources */,
				51DC31BE2C4AC6F5008E205A /* ReminderView.swift in Sources */,
				51E83AFB2C47265B0066F4C6 /* NameView.swift in Sources */,
				51DC31B92C4AA675008E205A /* MedicationDetail.swift in Sources */,
				51DC31BB2C4AAB85008E205A /* DrugDetail.swift in Sources */,
				5170922C2C418F4A00C2AFA7 /* HCTHPApp.swift in Sources */,
				51701FDE2C440B68009ED8D1 /* OnboardingView.swift in Sources */,
				51701FE72C444908009ED8D1 /* TextInputField.swift in Sources */,
				51E83AFD2C4741600066F4C6 /* EmailView.swift in Sources */,
				51E83B052C476B0C0066F4C6 /* ContentView.swift in Sources */,
				51DC31C02C4ADC78008E205A /* MedicationDetailInfoCard.swift in Sources */,
				5160DD9D2C4DAD4B00F40568 /* DrugIcon.swift in Sources */,
				51701FE22C440B80009ED8D1 /* LoginView.swift in Sources */,
				5160DD9F2C4DAF4C00F40568 /* ScrollableContentNotAvailableView.swift in Sources */,
				51E83AFF2C4743F00066F4C6 /* PasswordView.swift in Sources */,
				51E83B032C476ADB0066F4C6 /* MedicationHome.swift in Sources */,
				51DC31B32C497E88008E205A /* DrugSavedItem.swift in Sources */,
				51E83AF62C45A2580066F4C6 /* RegistrationObject.swift in Sources */,
				51E83AF42C459A2D0066F4C6 /* ApiConstant.swift in Sources */,
				51E83B012C47451A0066F4C6 /* HCActionButton.swift in Sources */,
				51701FEE2C446C3C009ED8D1 /* Enums.swift in Sources */,
				51701FF02C4482FE009ED8D1 /* LoginObject.swift in Sources */,
			);
			runOnlyForDeploymentPostprocessing = 0;
		};
/* End PBXSourcesBuildPhase section */

/* Begin XCBuildConfiguration section */
		517092352C418F4C00C2AFA7 /* Debug */ = {
			isa = XCBuildConfiguration;
			buildSettings = {
				ALWAYS_SEARCH_USER_PATHS = NO;
				ASSETCATALOG_COMPILER_GENERATE_SWIFT_ASSET_SYMBOL_EXTENSIONS = YES;
				CLANG_ANALYZER_NONNULL = YES;
				CLANG_ANALYZER_NUMBER_OBJECT_CONVERSION = YES_AGGRESSIVE;
				CLANG_CXX_LANGUAGE_STANDARD = "gnu++20";
				CLANG_ENABLE_MODULES = YES;
				CLANG_ENABLE_OBJC_ARC = YES;
				CLANG_ENABLE_OBJC_WEAK = YES;
				CLANG_WARN_BLOCK_CAPTURE_AUTORELEASING = YES;
				CLANG_WARN_BOOL_CONVERSION = YES;
				CLANG_WARN_COMMA = YES;
				CLANG_WARN_CONSTANT_CONVERSION = YES;
				CLANG_WARN_DEPRECATED_OBJC_IMPLEMENTATIONS = YES;
				CLANG_WARN_DIRECT_OBJC_ISA_USAGE = YES_ERROR;
				CLANG_WARN_DOCUMENTATION_COMMENTS = YES;
				CLANG_WARN_EMPTY_BODY = YES;
				CLANG_WARN_ENUM_CONVERSION = YES;
				CLANG_WARN_INFINITE_RECURSION = YES;
				CLANG_WARN_INT_CONVERSION = YES;
				CLANG_WARN_NON_LITERAL_NULL_CONVERSION = YES;
				CLANG_WARN_OBJC_IMPLICIT_RETAIN_SELF = YES;
				CLANG_WARN_OBJC_LITERAL_CONVERSION = YES;
				CLANG_WARN_OBJC_ROOT_CLASS = YES_ERROR;
				CLANG_WARN_QUOTED_INCLUDE_IN_FRAMEWORK_HEADER = YES;
				CLANG_WARN_RANGE_LOOP_ANALYSIS = YES;
				CLANG_WARN_STRICT_PROTOTYPES = YES;
				CLANG_WARN_SUSPICIOUS_MOVE = YES;
				CLANG_WARN_UNGUARDED_AVAILABILITY = YES_AGGRESSIVE;
				CLANG_WARN_UNREACHABLE_CODE = YES;
				CLANG_WARN__DUPLICATE_METHOD_MATCH = YES;
				COPY_PHASE_STRIP = NO;
				DEBUG_INFORMATION_FORMAT = dwarf;
				ENABLE_STRICT_OBJC_MSGSEND = YES;
				ENABLE_TESTABILITY = YES;
				ENABLE_USER_SCRIPT_SANDBOXING = YES;
				GCC_C_LANGUAGE_STANDARD = gnu17;
				GCC_DYNAMIC_NO_PIC = NO;
				GCC_NO_COMMON_BLOCKS = YES;
				GCC_OPTIMIZATION_LEVEL = 0;
				GCC_PREPROCESSOR_DEFINITIONS = (
					"DEBUG=1",
					"$(inherited)",
				);
				GCC_WARN_64_TO_32_BIT_CONVERSION = YES;
				GCC_WARN_ABOUT_RETURN_TYPE = YES_ERROR;
				GCC_WARN_UNDECLARED_SELECTOR = YES;
				GCC_WARN_UNINITIALIZED_AUTOS = YES_AGGRESSIVE;
				GCC_WARN_UNUSED_FUNCTION = YES;
				GCC_WARN_UNUSED_VARIABLE = YES;
				LOCALIZATION_PREFERS_STRING_CATALOGS = YES;
				MACOSX_DEPLOYMENT_TARGET = 14.1;
				MTL_ENABLE_DEBUG_INFO = INCLUDE_SOURCE;
				MTL_FAST_MATH = YES;
				ONLY_ACTIVE_ARCH = YES;
				SDKROOT = macosx;
				SWIFT_ACTIVE_COMPILATION_CONDITIONS = "DEBUG $(inherited)";
				SWIFT_OPTIMIZATION_LEVEL = "-Onone";
			};
			name = Debug;
		};
		517092362C418F4C00C2AFA7 /* Release */ = {
			isa = XCBuildConfiguration;
			buildSettings = {
				ALWAYS_SEARCH_USER_PATHS = NO;
				ASSETCATALOG_COMPILER_GENERATE_SWIFT_ASSET_SYMBOL_EXTENSIONS = YES;
				CLANG_ANALYZER_NONNULL = YES;
				CLANG_ANALYZER_NUMBER_OBJECT_CONVERSION = YES_AGGRESSIVE;
				CLANG_CXX_LANGUAGE_STANDARD = "gnu++20";
				CLANG_ENABLE_MODULES = YES;
				CLANG_ENABLE_OBJC_ARC = YES;
				CLANG_ENABLE_OBJC_WEAK = YES;
				CLANG_WARN_BLOCK_CAPTURE_AUTORELEASING = YES;
				CLANG_WARN_BOOL_CONVERSION = YES;
				CLANG_WARN_COMMA = YES;
				CLANG_WARN_CONSTANT_CONVERSION = YES;
				CLANG_WARN_DEPRECATED_OBJC_IMPLEMENTATIONS = YES;
				CLANG_WARN_DIRECT_OBJC_ISA_USAGE = YES_ERROR;
				CLANG_WARN_DOCUMENTATION_COMMENTS = YES;
				CLANG_WARN_EMPTY_BODY = YES;
				CLANG_WARN_ENUM_CONVERSION = YES;
				CLANG_WARN_INFINITE_RECURSION = YES;
				CLANG_WARN_INT_CONVERSION = YES;
				CLANG_WARN_NON_LITERAL_NULL_CONVERSION = YES;
				CLANG_WARN_OBJC_IMPLICIT_RETAIN_SELF = YES;
				CLANG_WARN_OBJC_LITERAL_CONVERSION = YES;
				CLANG_WARN_OBJC_ROOT_CLASS = YES_ERROR;
				CLANG_WARN_QUOTED_INCLUDE_IN_FRAMEWORK_HEADER = YES;
				CLANG_WARN_RANGE_LOOP_ANALYSIS = YES;
				CLANG_WARN_STRICT_PROTOTYPES = YES;
				CLANG_WARN_SUSPICIOUS_MOVE = YES;
				CLANG_WARN_UNGUARDED_AVAILABILITY = YES_AGGRESSIVE;
				CLANG_WARN_UNREACHABLE_CODE = YES;
				CLANG_WARN__DUPLICATE_METHOD_MATCH = YES;
				COPY_PHASE_STRIP = NO;
				DEBUG_INFORMATION_FORMAT = "dwarf-with-dsym";
				ENABLE_NS_ASSERTIONS = NO;
				ENABLE_STRICT_OBJC_MSGSEND = YES;
				ENABLE_USER_SCRIPT_SANDBOXING = YES;
				GCC_C_LANGUAGE_STANDARD = gnu17;
				GCC_NO_COMMON_BLOCKS = YES;
				GCC_WARN_64_TO_32_BIT_CONVERSION = YES;
				GCC_WARN_ABOUT_RETURN_TYPE = YES_ERROR;
				GCC_WARN_UNDECLARED_SELECTOR = YES;
				GCC_WARN_UNINITIALIZED_AUTOS = YES_AGGRESSIVE;
				GCC_WARN_UNUSED_FUNCTION = YES;
				GCC_WARN_UNUSED_VARIABLE = YES;
				LOCALIZATION_PREFERS_STRING_CATALOGS = YES;
				MACOSX_DEPLOYMENT_TARGET = 14.1;
				MTL_ENABLE_DEBUG_INFO = NO;
				MTL_FAST_MATH = YES;
				SDKROOT = macosx;
				SWIFT_COMPILATION_MODE = wholemodule;
			};
			name = Release;
		};
		517092382C418F4C00C2AFA7 /* Debug */ = {
			isa = XCBuildConfiguration;
			buildSettings = {
				ASSETCATALOG_COMPILER_APPICON_NAME = AppIcon;
				ASSETCATALOG_COMPILER_GLOBAL_ACCENT_COLOR_NAME = AccentColor;
				CODE_SIGN_ENTITLEMENTS = HCTHP/HCTHP.entitlements;
				CODE_SIGN_STYLE = Automatic;
				COMBINE_HIDPI_IMAGES = YES;
				CURRENT_PROJECT_VERSION = 1;
				DEVELOPMENT_ASSET_PATHS = "\"HCTHP/Preview Content\"";
				DEVELOPMENT_TEAM = 8FNYAR5ABD;
				ENABLE_HARDENED_RUNTIME = YES;
				ENABLE_PREVIEWS = YES;
				GENERATE_INFOPLIST_FILE = YES;
				INFOPLIST_FILE = HCTHP/Info.plist;
				INFOPLIST_KEY_NSHumanReadableCopyright = "";
				INFOPLIST_KEY_NSRemindersUsageDescription = "To remind you about medication we need access to your reminders";
				IPHONEOS_DEPLOYMENT_TARGET = 16.0;
				LD_RUNPATH_SEARCH_PATHS = (
					"$(inherited)",
					"@executable_path/../Frameworks",
				);
				MARKETING_VERSION = 1.0;
				PRODUCT_BUNDLE_IDENTIFIER = me.mahmudulhasan.HCTHP.HCTHP;
				PRODUCT_NAME = "$(TARGET_NAME)";
				SUPPORTED_PLATFORMS = "iphoneos iphonesimulator";
				SUPPORTS_MACCATALYST = NO;
				SWIFT_EMIT_LOC_STRINGS = YES;
				SWIFT_VERSION = 5.0;
				TARGETED_DEVICE_FAMILY = 1;
			};
			name = Debug;
		};
		517092392C418F4C00C2AFA7 /* Release */ = {
			isa = XCBuildConfiguration;
			buildSettings = {
				ASSETCATALOG_COMPILER_APPICON_NAME = AppIcon;
				ASSETCATALOG_COMPILER_GLOBAL_ACCENT_COLOR_NAME = AccentColor;
				CODE_SIGN_ENTITLEMENTS = HCTHP/HCTHP.entitlements;
				CODE_SIGN_STYLE = Automatic;
				COMBINE_HIDPI_IMAGES = YES;
				CURRENT_PROJECT_VERSION = 1;
				DEVELOPMENT_ASSET_PATHS = "\"HCTHP/Preview Content\"";
				DEVELOPMENT_TEAM = 8FNYAR5ABD;
				ENABLE_HARDENED_RUNTIME = YES;
				ENABLE_PREVIEWS = YES;
				GENERATE_INFOPLIST_FILE = YES;
				INFOPLIST_FILE = HCTHP/Info.plist;
				INFOPLIST_KEY_NSHumanReadableCopyright = "";
				INFOPLIST_KEY_NSRemindersUsageDescription = "To remind you about medication we need access to your reminders";
				IPHONEOS_DEPLOYMENT_TARGET = 16.0;
				LD_RUNPATH_SEARCH_PATHS = (
					"$(inherited)",
					"@executable_path/../Frameworks",
				);
				MARKETING_VERSION = 1.0;
				PRODUCT_BUNDLE_IDENTIFIER = me.mahmudulhasan.HCTHP.HCTHP;
				PRODUCT_NAME = "$(TARGET_NAME)";
				SUPPORTED_PLATFORMS = "iphoneos iphonesimulator";
				SUPPORTS_MACCATALYST = NO;
				SWIFT_EMIT_LOC_STRINGS = YES;
				SWIFT_VERSION = 5.0;
				TARGETED_DEVICE_FAMILY = 1;
			};
			name = Release;
		};
/* End XCBuildConfiguration section */

/* Begin XCConfigurationList section */
		517092232C418F4A00C2AFA7 /* Build configuration list for PBXProject "HCTHP" */ = {
			isa = XCConfigurationList;
			buildConfigurations = (
				517092352C418F4C00C2AFA7 /* Debug */,
				517092362C418F4C00C2AFA7 /* Release */,
			);
			defaultConfigurationIsVisible = 0;
			defaultConfigurationName = Release;
		};
		517092372C418F4C00C2AFA7 /* Build configuration list for PBXNativeTarget "HCTHP" */ = {
			isa = XCConfigurationList;
			buildConfigurations = (
				517092382C418F4C00C2AFA7 /* Debug */,
				517092392C418F4C00C2AFA7 /* Release */,
			);
			defaultConfigurationIsVisible = 0;
			defaultConfigurationName = Release;
		};
/* End XCConfigurationList section */

/* Begin XCRemoteSwiftPackageReference section */
		51701FE82C44698B009ED8D1 /* XCRemoteSwiftPackageReference "IQKeyboardManager" */ = {
			isa = XCRemoteSwiftPackageReference;
			repositoryURL = "https://github.com/hackiftekhar/IQKeyboardManager.git";
			requirement = {
				kind = upToNextMajorVersion;
				minimumVersion = 7.0.3;
			};
		};
/* End XCRemoteSwiftPackageReference section */

/* Begin XCSwiftPackageProductDependency section */
		51701FE92C44698B009ED8D1 /* IQKeyboardManagerSwift */ = {
			isa = XCSwiftPackageProductDependency;
			package = 51701FE82C44698B009ED8D1 /* XCRemoteSwiftPackageReference "IQKeyboardManager" */;
			productName = IQKeyboardManagerSwift;
		};
/* End XCSwiftPackageProductDependency section */
	};
	rootObject = 517092202C418F4A00C2AFA7 /* Project object */;
}
